PODS:
  - TBPerformanceView (0.1.0.2)

DEPENDENCIES:
  - TBPerformanceView (from `../`)

EXTERNAL SOURCES:
  TBPerformanceView:
    :path: "../"

SPEC CHECKSUMS:
  TBPerformanceView: 6be85c04e9566e1807247dacc69a7433df06330c

PODFILE CHECKSUM: 5517f9fa390b6fa39190a695a85db98bb0a5923e

COCOAPODS: 1.5.3
